// !$*UTF8*$!
{
	archiveVersion = 1;
	classes = {
	};
	objectVersion = 46;
	objects = {

/* Begin PBXBuildFile section */
		F40D2AD81DF9FE6100B6E88D /* AppDelegate.swift in Sources */ = {isa = PBXBuildFile; fileRef = F40D2AD71DF9FE6100B6E88D /* AppDelegate.swift */; };
		F40D2ADA1DF9FE6100B6E88D /* MainVC.swift in Sources */ = {isa = PBXBuildFile; fileRef = F40D2AD91DF9FE6100B6E88D /* MainVC.swift */; };
		F40D2ADD1DF9FE6100B6E88D /* Main.storyboard in Resources */ = {isa = PBXBuildFile; fileRef = F40D2ADB1DF9FE6100B6E88D /* Main.storyboard */; };
		F40D2ADF1DF9FE6100B6E88D /* Assets.xcassets in Resources */ = {isa = PBXBuildFile; fileRef = F40D2ADE1DF9FE6100B6E88D /* Assets.xcassets */; };
		F40D2AE21DF9FE6100B6E88D /* LaunchScreen.storyboard in Resources */ = {isa = PBXBuildFile; fileRef = F40D2AE01DF9FE6100B6E88D /* LaunchScreen.storyboard */; };
		F40D2AED1DFA038400B6E88D /* still time.ttf in Resources */ = {isa = PBXBuildFile; fileRef = F40D2AEC1DFA038400B6E88D /* still time.ttf */; };
		F40D2AF01DFA04AD00B6E88D /* VideoVC.swift in Sources */ = {isa = PBXBuildFile; fileRef = F40D2AEF1DFA04AD00B6E88D /* VideoVC.swift */; };
/* End PBXBuildFile section */

/* Begin PBXFileReference section */
		F40D2AD41DF9FE6100B6E88D /* PartyRock.app */ = {isa = PBXFileReference; explicitFileType = wrapper.application; includeInIndex = 0; path = PartyRock.app; sourceTree = BUILT_PRODUCTS_DIR; };
		F40D2AD71DF9FE6100B6E88D /* AppDelegate.swift */ = {isa = PBXFileReference; lastKnownFileType = sourcecode.swift; path = AppDelegate.swift; sourceTree = "<group>"; };
		F40D2AD91DF9FE6100B6E88D /* MainVC.swift */ = {isa = PBXFileReference; lastKnownFileType = sourcecode.swift; path = MainVC.swift; sourceTree = "<group>"; };
		F40D2ADC1DF9FE6100B6E88D /* Base */ = {isa = PBXFileReference; lastKnownFileType = file.storyboard; name = Base; path = Base.lproj/Main.storyboard; sourceTree = "<group>"; };
		F40D2ADE1DF9FE6100B6E88D /* Assets.xcassets */ = {isa = PBXFileReference; lastKnownFileType = folder.assetcatalog; path = Assets.xcassets; sourceTree = "<group>"; };
		F40D2AE11DF9FE6100B6E88D /* Base */ = {isa = PBXFileReference; lastKnownFileType = file.storyboard; name = Base; path = Base.lproj/LaunchScreen.storyboard; sourceTree = "<group>"; };
		F40D2AE31DF9FE6100B6E88D /* Info.plist */ = {isa = PBXFileReference; lastKnownFileType = text.plist.xml; path = Info.plist; sourceTree = "<group>"; };
		F40D2AEC1DFA038400B6E88D /* still time.ttf */ = {isa = PBXFileReference; lastKnownFileType = file; path = "still time.ttf"; sourceTree = "<group>"; };
		F40D2AEF1DFA04AD00B6E88D /* VideoVC.swift */ = {isa = PBXFileReference; fileEncoding = 4; lastKnownFileType = sourcecode.swift; path = VideoVC.swift; sourceTree = "<group>"; };
/* End PBXFileReference section */

/* Begin PBXFrameworksBuildPhase section */
		F40D2AD11DF9FE6100B6E88D /* Frameworks */ = {
			isa = PBXFrameworksBuildPhase;
			buildActionMask = 2147483647;
			files = (
			);
			runOnlyForDeploymentPostprocessing = 0;
		};
/* End PBXFrameworksBuildPhase section */

/* Begin PBXGroup section */
		F40D2ACB1DF9FE6100B6E88D = {
			isa = PBXGroup;
			children = (
				F40D2AD61DF9FE6100B6E88D /* PartyRock */,
				F40D2AD51DF9FE6100B6E88D /* Products */,
			);
			sourceTree = "<group>";
		};
		F40D2AD51DF9FE6100B6E88D /* Products */ = {
			isa = PBXGroup;
			children = (
				F40D2AD41DF9FE6100B6E88D /* PartyRock.app */,
			);
			name = Products;
			sourceTree = "<group>";
		};
		F40D2AD61DF9FE6100B6E88D /* PartyRock */ = {
			isa = PBXGroup;
			children = (
				F40D2AEE1DFA03AF00B6E88D /* Files */,
				F40D2AEB1DF9FF4D00B6E88D /* Model */,
				F40D2AEA1DF9FF4000B6E88D /* View */,
				F40D2AE91DF9FF3400B6E88D /* Controller */,
				F40D2AD71DF9FE6100B6E88D /* AppDelegate.swift */,
				F40D2ADB1DF9FE6100B6E88D /* Main.storyboard */,
				F40D2AE01DF9FE6100B6E88D /* LaunchScreen.storyboard */,
				F40D2ADE1DF9FE6100B6E88D /* Assets.xcassets */,
				F40D2AE31DF9FE6100B6E88D /* Info.plist */,
			);
			path = PartyRock;
			sourceTree = "<group>";
		};
		F40D2AE91DF9FF3400B6E88D /* Controller */ = {
			isa = PBXGroup;
			children = (
				F40D2AD91DF9FE6100B6E88D /* MainVC.swift */,
				F40D2AEF1DFA04AD00B6E88D /* VideoVC.swift */,
			);
			name = Controller;
			sourceTree = "<group>";
		};
		F40D2AEA1DF9FF4000B6E88D /* View */ = {
			isa = PBXGroup;
			children = (
			);
			name = View;
			sourceTree = "<group>";
		};
		F40D2AEB1DF9FF4D00B6E88D /* Model */ = {
			isa = PBXGroup;
			children = (
			);
			name = Model;
			sourceTree = "<group>";
		};
		F40D2AEE1DFA03AF00B6E88D /* Files */ = {
			isa = PBXGroup;
			children = (
				F40D2AEC1DFA038400B6E88D /* still time.ttf */,
			);
			name = Files;
			sourceTree = "<group>";
		};
/* End PBXGroup section */

/* Begin PBXNativeTarget section */
		F40D2AD31DF9FE6100B6E88D /* PartyRock */ = {
			isa = PBXNativeTarget;
			buildConfigurationList = F40D2AE61DF9FE6100B6E88D /* Build configuration list for PBXNativeTarget "PartyRock" */;
			buildPhases = (
				F40D2AD01DF9FE6100B6E88D /* Sources */,
				F40D2AD11DF9FE6100B6E88D /* Frameworks */,
				F40D2AD21DF9FE6100B6E88D /* Resources */,
			);
			buildRules = (
			);
			dependencies = (
			);
			name = PartyRock;
			productName = PartyRock;
			productReference = F40D2AD41DF9FE6100B6E88D /* PartyRock.app */;
			productType = "com.apple.product-type.application";
		};
/* End PBXNativeTarget section */

/* Begin PBXProject section */
		F40D2ACC1DF9FE6100B6E88D /* Project object */ = {
			isa = PBXProject;
			attributes = {
				LastSwiftUpdateCheck = 0810;
				LastUpgradeCheck = 0810;
				ORGANIZATIONNAME = "Christine Cunniff";
				TargetAttributes = {
					F40D2AD31DF9FE6100B6E88D = {
						CreatedOnToolsVersion = 8.1;
						ProvisioningStyle = Automatic;
					};
				};
			};
			buildConfigurationList = F40D2ACF1DF9FE6100B6E88D /* Build configuration list for PBXProject "PartyRock" */;
			compatibilityVersion = "Xcode 3.2";
			developmentRegion = English;
			hasScannedForEncodings = 0;
			knownRegions = (
				en,
				Base,
			);
			mainGroup = F40D2ACB1DF9FE6100B6E88D;
			productRefGroup = F40D2AD51DF9FE6100B6E88D /* Products */;
			projectDirPath = "";
			projectRoot = "";
			targets = (
				F40D2AD31DF9FE6100B6E88D /* PartyRock */,
			);
		};
/* End PBXProject section */

/* Begin PBXResourcesBuildPhase section */
		F40D2AD21DF9FE6100B6E88D /* Resources */ = {
			isa = PBXResourcesBuildPhase;
			buildActionMask = 2147483647;
			files = (
				F40D2AE21DF9FE6100B6E88D /* LaunchScreen.storyboard in Resources */,
				F40D2AED1DFA038400B6E88D /* still time.ttf in Resources */,
				F40D2ADF1DF9FE6100B6E88D /* Assets.xcassets in Resources */,
				F40D2ADD1DF9FE6100B6E88D /* Main.storyboard in Resources */,
			);
			runOnlyForDeploymentPostprocessing = 0;
		};
/* End PBXResourcesBuildPhase section */

/* Begin PBXSourcesBuildPhase section */
		F40D2AD01DF9FE6100B6E88D /* Sources */ = {
			isa = PBXSourcesBuildPhase;
			buildActionMask = 2147483647;
			files = (
				F40D2AF01DFA04AD00B6E88D /* VideoVC.swift in Sources */,
				F40D2ADA1DF9FE6100B6E88D /* MainVC.swift in Sources */,
				F40D2AD81DF9FE6100B6E88D /* AppDelegate.swift in Sources */,
			);
			runOnlyForDeploymentPostprocessing = 0;
		};
/* End PBXSourcesBuildPhase section */

/* Begin PBXVariantGroup section */
		F40D2ADB1DF9FE6100B6E88D /* Main.storyboard */ = {
			isa = PBXVariantGroup;
			children = (
				F40D2ADC1DF9FE6100B6E88D /* Base */,
			);
			name = Main.storyboard;
			sourceTree = "<group>";
		};
		F40D2AE01DF9FE6100B6E88D /* LaunchScreen.storyboard */ = {
			isa = PBXVariantGroup;
			children = (
				F40D2AE11DF9FE6100B6E88D /* Base */,
			);
			name = LaunchScreen.storyboard;
			sourceTree = "<group>";
		};
/* End PBXVariantGroup section */

/* Begin XCBuildConfiguration section */
		F40D2AE41DF9FE6100B6E88D /* Debug */ = {
			isa = XCBuildConfiguration;
			buildSettings = {
				ALWAYS_SEARCH_USER_PATHS = NO;
				CLANG_ANALYZER_NONNULL = YES;
				CLANG_CXX_LANGUAGE_STANDARD = "gnu++0x";
				CLANG_CXX_LIBRARY = "libc++";
				CLANG_ENABLE_MODULES = YES;
				CLANG_ENABLE_OBJC_ARC = YES;
				CLANG_WARN_BOOL_CONVERSION = YES;
				CLANG_WARN_CONSTANT_CONVERSION = YES;
				CLANG_WARN_DIRECT_OBJC_ISA_USAGE = YES_ERROR;
				CLANG_WARN_DOCUMENTATION_COMMENTS = YES;
				CLANG_WARN_EMPTY_BODY = YES;
				CLANG_WARN_ENUM_CONVERSION = YES;
				CLANG_WARN_INFINITE_RECURSION = YES;
				CLANG_WARN_INT_CONVERSION = YES;
				CLANG_WARN_OBJC_ROOT_CLASS = YES_ERROR;
				CLANG_WARN_SUSPICIOUS_MOVES = YES;
				CLANG_WARN_UNREACHABLE_CODE = YES;
				CLANG_WARN__DUPLICATE_METHOD_MATCH = YES;
				"CODE_SIGN_IDENTITY[sdk=iphoneos*]" = "iPhone Developer";
				COPY_PHASE_STRIP = NO;
				DEBUG_INFORMATION_FORMAT = dwarf;
				ENABLE_STRICT_OBJC_MSGSEND = YES;
				ENABLE_TESTABILITY = YES;
				GCC_C_LANGUAGE_STANDARD = gnu99;
				GCC_DYNAMIC_NO_PIC = NO;
				GCC_NO_COMMON_BLOCKS = YES;
				GCC_OPTIMIZATION_LEVEL = 0;
				GCC_PREPROCESSOR_DEFINITIONS = (
					"DEBUG=1",
					"$(inherited)",
				);
				GCC_WARN_64_TO_32_BIT_CONVERSION = YES;
				GCC_WARN_ABOUT_RETURN_TYPE = YES_ERROR;
				GCC_WARN_UNDECLARED_SELECTOR = YES;
				GCC_WARN_UNINITIALIZED_AUTOS = YES_AGGRESSIVE;
				GCC_WARN_UNUSED_FUNCTION = YES;
				GCC_WARN_UNUSED_VARIABLE = YES;
				IPHONEOS_DEPLOYMENT_TARGET = 10.1;
				MTL_ENABLE_DEBUG_INFO = YES;
				ONLY_ACTIVE_ARCH = YES;
				SDKROOT = iphoneos;
				SWIFT_ACTIVE_COMPILATION_CONDITIONS = DEBUG;
				SWIFT_OPTIMIZATION_LEVEL = "-Onone";
				TARGETED_DEVICE_FAMILY = "1,2";
			};
			name = Debug;
		};
		F40D2AE51DF9FE6100B6E88D /* Release */ = {
			isa = XCBuildConfiguration;
			buildSettings = {
				ALWAYS_SEARCH_USER_PATHS = NO;
				CLANG_ANALYZER_NONNULL = YES;
				CLANG_CXX_LANGUAGE_STANDARD = "gnu++0x";
				CLANG_CXX_LIBRARY = "libc++";
				CLANG_ENABLE_MODULES = YES;
				CLANG_ENABLE_OBJC_ARC = YES;
				CLANG_WARN_BOOL_CONVERSION = YES;
				CLANG_WARN_CONSTANT_CONVERSION = YES;
				CLANG_WARN_DIRECT_OBJC_ISA_USAGE = YES_ERROR;
				CLANG_WARN_DOCUMENTATION_COMMENTS = YES;
				CLANG_WARN_EMPTY_BODY = YES;
				CLANG_WARN_ENUM_CONVERSION = YES;
				CLANG_WARN_INFINITE_RECURSION = YES;
				CLANG_WARN_INT_CONVERSION = YES;
				CLANG_WARN_OBJC_ROOT_CLASS = YES_ERROR;
				CLANG_WARN_SUSPICIOUS_MOVES = YES;
				CLANG_WARN_UNREACHABLE_CODE = YES;
				CLANG_WARN__DUPLICATE_METHOD_MATCH = YES;
				"CODE_SIGN_IDENTITY[sdk=iphoneos*]" = "iPhone Developer";
				COPY_PHASE_STRIP = NO;
				DEBUG_INFORMATION_FORMAT = "dwarf-with-dsym";
				ENABLE_NS_ASSERTIONS = NO;
				ENABLE_STRICT_OBJC_MSGSEND = YES;
				GCC_C_LANGUAGE_STANDARD = gnu99;
				GCC_NO_COMMON_BLOCKS = YES;
				GCC_WARN_64_TO_32_BIT_CONVERSION = YES;
				GCC_WARN_ABOUT_RETURN_TYPE = YES_ERROR;
				GCC_WARN_UNDECLARED_SELECTOR = YES;
				GCC_WARN_UNINITIALIZED_AUTOS = YES_AGGRESSIVE;
				GCC_WARN_UNUSED_FUNCTION = YES;
				GCC_WARN_UNUSED_VARIABLE = YES;
				IPHONEOS_DEPLOYMENT_TARGET = 10.1;
				MTL_ENABLE_DEBUG_INFO = NO;
				SDKROOT = iphoneos;
				SWIFT_OPTIMIZATION_LEVEL = "-Owholemodule";
				TARGETED_DEVICE_FAMILY = "1,2";
				VALIDATE_PRODUCT = YES;
			};
			name = Release;
		};
		F40D2AE71DF9FE6100B6E88D /* Debug */ = {
			isa = XCBuildConfiguration;
			buildSettings = {
				ASSETCATALOG_COMPILER_APPICON_NAME = AppIcon;
				INFOPLIST_FILE = PartyRock/Info.plist;
				LD_RUNPATH_SEARCH_PATHS = "$(inherited) @executable_path/Frameworks";
				PRODUCT_BUNDLE_IDENTIFIER = com.christinecunniff.PartyRock;
				PRODUCT_NAME = "$(TARGET_NAME)";
				SWIFT_VERSION = 3.0;
			};
			name = Debug;
		};
		F40D2AE81DF9FE6100B6E88D /* Release */ = {
			isa = XCBuildConfiguration;
			buildSettings = {
				ASSETCATALOG_COMPILER_APPICON_NAME = AppIcon;
				INFOPLIST_FILE = PartyRock/Info.plist;
				LD_RUNPATH_SEARCH_PATHS = "$(inherited) @executable_path/Frameworks";
				PRODUCT_BUNDLE_IDENTIFIER = com.christinecunniff.PartyRock;
				PRODUCT_NAME = "$(TARGET_NAME)";
				SWIFT_VERSION = 3.0;
			};
			name = Release;
		};
/* End XCBuildConfiguration section */

/* Begin XCConfigurationList section */
		F40D2ACF1DF9FE6100B6E88D /* Build configuration list for PBXProject "PartyRock" */ = {
			isa = XCConfigurationList;
			buildConfigurations = (
				F40D2AE41DF9FE6100B6E88D /* Debug */,
				F40D2AE51DF9FE6100B6E88D /* Release */,
			);
			defaultConfigurationIsVisible = 0;
			defaultConfigurationName = Release;
		};
		F40D2AE61DF9FE6100B6E88D /* Build configuration list for PBXNativeTarget "PartyRock" */ = {
			isa = XCConfigurationList;
			buildConfigurations = (
				F40D2AE71DF9FE6100B6E88D /* Debug */,
				F40D2AE81DF9FE6100B6E88D /* Release */,
			);
			defaultConfigurationIsVisible = 0;
		};
/* End XCConfigurationList section */
	};
	rootObject = F40D2ACC1DF9FE6100B6E88D /* Project object */;
}
